schema: '2.0'
stages:
  model_training:
    cmd: python src/model_training.py
    deps:
    - path: data/processed_cookbook.pkl
      hash: md5
      md5: fe2fe3917845db42c583c1adcba65aef
      size: 3095875
    - path: src/model_training.py
      hash: md5
      md5: 321ef58f60c20ed8be180ba38fc14fa5
      size: 5385
    params:
      params.yaml:
        model_pipeline.fast_text:
          vector_size: 100
          window: 8
          sg: 0
          epochs: 100
        model_pipeline.model_scoring:
          w_title: 0.2
          w_cosine: 0.2
          w_maxsim: 0.6
    outs:
    - path: models/fasttext.model
      hash: md5
      md5: 1781fcfc95b08e68aae6a6a7ae3a6871
      size: 977600
    - path: models/fasttext.model.wv.vectors_ngrams.npy
      hash: md5
      md5: 62f7aa5a90a5af32c7efa00af86aece5
      size: 800000128
    - path: training_metadata.json
      hash: md5
      md5: 236014908aec4fc94836816c32e1a359
      size: 740
  model_evaluation:
    cmd: python src/model_evaluation.py
    deps:
    - path: src/model_evaluation.py
      hash: md5
      md5: 3201934698533a83505292a9a7a30b58
      size: 4741
    - path: training_metadata.json
      hash: md5
      md5: 236014908aec4fc94836816c32e1a359
      size: 740
    params:
      params.yaml:
        model_evaluation:
          seed: 42
          k: 10
          relevant_thresh: 0.5
    outs:
    - path: validation_metadata.json
      hash: md5
      md5: ea19fd747e35980b2357221bbb67859b
      size: 1115
  model_registering:
    cmd: python src/model_registering.py
    deps:
    - path: registered_metadata.json
      hash: md5
      md5: ea19fd747e35980b2357221bbb67859b
      size: 1115
    - path: src/model_registering.py
      hash: md5
      md5: 534016bdc0f924c768dbf36cbc8df1fb
      size: 3507
    - path: validation_metadata.json
      hash: md5
      md5: ea19fd747e35980b2357221bbb67859b
      size: 1115
    params:
      params.yaml:
        model_register:
          max_runs: 3
  data_preprocessing:
    cmd: python src/data_preprocessing.py
    deps:
    - path: data/complete_cookbook.pkl
      hash: md5
      md5: 5131f6a43f3a4aa6c03c2a7d1b004359
      size: 14541929
    - path: src/data_preprocessing.py
      hash: md5
      md5: 3f0b1e41fe6bbcbf9dee9318d4971a7a
      size: 8488
    outs:
    - path: data/processed_cookbook.pkl
      hash: md5
      md5: fe2fe3917845db42c583c1adcba65aef
      size: 3095875
